
Microsoft Visual Studio Solution File, Format Version 12.00
# Visual Studio Version 17
VisualStudioVersion = 17.0.31903.59
MinimumVisualStudioVersion = 10.0.40219.1
Project("{FAE04EC0-301F-11D3-BF4B-00C04F79EFBC}") = "Shopping.Api", "Shopping.Api\Shopping.Api.csproj", "{DE55752C-37FE-425E-8CD2-03A40265A9EF}"
EndProject
Project("{FAE04EC0-301F-11D3-BF4B-00C04F79EFBC}") = "Shopping.Domain", "Shopping.Domain\Shopping.Domain.csproj", "{3D01BC88-4D41-4B3E-A9A0-AEDC65D74139}"
EndProject
Project("{FAE04EC0-301F-11D3-BF4B-00C04F79EFBC}") = "Shopping.Data", "Shopping.Data\Shopping.Data.csproj", "{0CD4D182-E723-4BAB-9B1B-143362F05D0C}"
EndProject
Project("{FAE04EC0-301F-11D3-BF4B-00C04F79EFBC}") = "Shopping.Services", "Shopping.Services\Shopping.Services.csproj", "{0C270E5C-4595-4AAF-AD56-48745516EE33}"
EndProject
Project("{FAE04EC0-301F-11D3-BF4B-00C04F79EFBC}") = "Shopping.Core", "Shopping.Core\Shopping.Core.csproj", "{940A3FA9-0453-4431-9A1A-F5144CDBED5C}"
EndProject
Global
	GlobalSection(SolutionConfigurationPlatforms) = preSolution
		Debug|Any CPU = Debug|Any CPU
		Debug|x64 = Debug|x64
		Debug|x86 = Debug|x86
		Release|Any CPU = Release|Any CPU
		Release|x64 = Release|x64
		Release|x86 = Release|x86
	EndGlobalSection
	GlobalSection(ProjectConfigurationPlatforms) = postSolution
		{DE55752C-37FE-425E-8CD2-03A40265A9EF}.Debug|Any CPU.ActiveCfg = Debug|Any CPU
		{DE55752C-37FE-425E-8CD2-03A40265A9EF}.Debug|Any CPU.Build.0 = Debug|Any CPU
		{DE55752C-37FE-425E-8CD2-03A40265A9EF}.Debug|x64.ActiveCfg = Debug|Any CPU
		{DE55752C-37FE-425E-8CD2-03A40265A9EF}.Debug|x64.Build.0 = Debug|Any CPU
		{DE55752C-37FE-425E-8CD2-03A40265A9EF}.Debug|x86.ActiveCfg = Debug|Any CPU
		{DE55752C-37FE-425E-8CD2-03A40265A9EF}.Debug|x86.Build.0 = Debug|Any CPU
		{DE55752C-37FE-425E-8CD2-03A40265A9EF}.Release|Any CPU.ActiveCfg = Release|Any CPU
		{DE55752C-37FE-425E-8CD2-03A40265A9EF}.Release|Any CPU.Build.0 = Release|Any CPU
		{DE55752C-37FE-425E-8CD2-03A40265A9EF}.Release|x64.ActiveCfg = Release|Any CPU
		{DE55752C-37FE-425E-8CD2-03A40265A9EF}.Release|x64.Build.0 = Release|Any CPU
		{DE55752C-37FE-425E-8CD2-03A40265A9EF}.Release|x86.ActiveCfg = Release|Any CPU
		{DE55752C-37FE-425E-8CD2-03A40265A9EF}.Release|x86.Build.0 = Release|Any CPU
		{3D01BC88-4D41-4B3E-A9A0-AEDC65D74139}.Debug|Any CPU.ActiveCfg = Debug|Any CPU
		{3D01BC88-4D41-4B3E-A9A0-AEDC65D74139}.Debug|Any CPU.Build.0 = Debug|Any CPU
		{3D01BC88-4D41-4B3E-A9A0-AEDC65D74139}.Debug|x64.ActiveCfg = Debug|Any CPU
		{3D01BC88-4D41-4B3E-A9A0-AEDC65D74139}.Debug|x64.Build.0 = Debug|Any CPU
		{3D01BC88-4D41-4B3E-A9A0-AEDC65D74139}.Debug|x86.ActiveCfg = Debug|Any CPU
		{3D01BC88-4D41-4B3E-A9A0-AEDC65D74139}.Debug|x86.Build.0 = Debug|Any CPU
		{3D01BC88-4D41-4B3E-A9A0-AEDC65D74139}.Release|Any CPU.ActiveCfg = Release|Any CPU
		{3D01BC88-4D41-4B3E-A9A0-AEDC65D74139}.Release|Any CPU.Build.0 = Release|Any CPU
		{3D01BC88-4D41-4B3E-A9A0-AEDC65D74139}.Release|x64.ActiveCfg = Release|Any CPU
		{3D01BC88-4D41-4B3E-A9A0-AEDC65D74139}.Release|x64.Build.0 = Release|Any CPU
		{3D01BC88-4D41-4B3E-A9A0-AEDC65D74139}.Release|x86.ActiveCfg = Release|Any CPU
		{3D01BC88-4D41-4B3E-A9A0-AEDC65D74139}.Release|x86.Build.0 = Release|Any CPU
		{0CD4D182-E723-4BAB-9B1B-143362F05D0C}.Debug|Any CPU.ActiveCfg = Debug|Any CPU
		{0CD4D182-E723-4BAB-9B1B-143362F05D0C}.Debug|Any CPU.Build.0 = Debug|Any CPU
		{0CD4D182-E723-4BAB-9B1B-143362F05D0C}.Debug|x64.ActiveCfg = Debug|Any CPU
		{0CD4D182-E723-4BAB-9B1B-143362F05D0C}.Debug|x64.Build.0 = Debug|Any CPU
		{0CD4D182-E723-4BAB-9B1B-143362F05D0C}.Debug|x86.ActiveCfg = Debug|Any CPU
		{0CD4D182-E723-4BAB-9B1B-143362F05D0C}.Debug|x86.Build.0 = Debug|Any CPU
		{0CD4D182-E723-4BAB-9B1B-143362F05D0C}.Release|Any CPU.ActiveCfg = Release|Any CPU
		{0CD4D182-E723-4BAB-9B1B-143362F05D0C}.Release|Any CPU.Build.0 = Release|Any CPU
		{0CD4D182-E723-4BAB-9B1B-143362F05D0C}.Release|x64.ActiveCfg = Release|Any CPU
		{0CD4D182-E723-4BAB-9B1B-143362F05D0C}.Release|x64.Build.0 = Release|Any CPU
		{0CD4D182-E723-4BAB-9B1B-143362F05D0C}.Release|x86.ActiveCfg = Release|Any CPU
		{0CD4D182-E723-4BAB-9B1B-143362F05D0C}.Release|x86.Build.0 = Release|Any CPU
		{0C270E5C-4595-4AAF-AD56-48745516EE33}.Debug|Any CPU.ActiveCfg = Debug|Any CPU
		{0C270E5C-4595-4AAF-AD56-48745516EE33}.Debug|Any CPU.Build.0 = Debug|Any CPU
		{0C270E5C-4595-4AAF-AD56-48745516EE33}.Debug|x64.ActiveCfg = Debug|Any CPU
		{0C270E5C-4595-4AAF-AD56-48745516EE33}.Debug|x64.Build.0 = Debug|Any CPU
		{0C270E5C-4595-4AAF-AD56-48745516EE33}.Debug|x86.ActiveCfg = Debug|Any CPU
		{0C270E5C-4595-4AAF-AD56-48745516EE33}.Debug|x86.Build.0 = Debug|Any CPU
		{0C270E5C-4595-4AAF-AD56-48745516EE33}.Release|Any CPU.ActiveCfg = Release|Any CPU
		{0C270E5C-4595-4AAF-AD56-48745516EE33}.Release|Any CPU.Build.0 = Release|Any CPU
		{0C270E5C-4595-4AAF-AD56-48745516EE33}.Release|x64.ActiveCfg = Release|Any CPU
		{0C270E5C-4595-4AAF-AD56-48745516EE33}.Release|x64.Build.0 = Release|Any CPU
		{0C270E5C-4595-4AAF-AD56-48745516EE33}.Release|x86.ActiveCfg = Release|Any CPU
		{0C270E5C-4595-4AAF-AD56-48745516EE33}.Release|x86.Build.0 = Release|Any CPU
		{940A3FA9-0453-4431-9A1A-F5144CDBED5C}.Debug|Any CPU.ActiveCfg = Debug|Any CPU
		{940A3FA9-0453-4431-9A1A-F5144CDBED5C}.Debug|Any CPU.Build.0 = Debug|Any CPU
		{940A3FA9-0453-4431-9A1A-F5144CDBED5C}.Debug|x64.ActiveCfg = Debug|Any CPU
		{940A3FA9-0453-4431-9A1A-F5144CDBED5C}.Debug|x64.Build.0 = Debug|Any CPU
		{940A3FA9-0453-4431-9A1A-F5144CDBED5C}.Debug|x86.ActiveCfg = Debug|Any CPU
		{940A3FA9-0453-4431-9A1A-F5144CDBED5C}.Debug|x86.Build.0 = Debug|Any CPU
		{940A3FA9-0453-4431-9A1A-F5144CDBED5C}.Release|Any CPU.ActiveCfg = Release|Any CPU
		{940A3FA9-0453-4431-9A1A-F5144CDBED5C}.Release|Any CPU.Build.0 = Release|Any CPU
		{940A3FA9-0453-4431-9A1A-F5144CDBED5C}.Release|x64.ActiveCfg = Release|Any CPU
		{940A3FA9-0453-4431-9A1A-F5144CDBED5C}.Release|x64.Build.0 = Release|Any CPU
		{940A3FA9-0453-4431-9A1A-F5144CDBED5C}.Release|x86.ActiveCfg = Release|Any CPU
		{940A3FA9-0453-4431-9A1A-F5144CDBED5C}.Release|x86.Build.0 = Release|Any CPU
	EndGlobalSection
	GlobalSection(SolutionProperties) = preSolution
		HideSolutionNode = FALSE
	EndGlobalSection
EndGlobal
